{
  "name": "json-to-n3",
  "version": "1.0.0",
  "lockfileVersion": 1,
  "requires": true,
  "dependencies": {
    "date-fns": {
      "version": "1.30.1",
      "resolved": "https://registry.npmjs.org/date-fns/-/date-fns-1.30.1.tgz",
      "integrity": "sha512-hBSVCvSmWC+QypYObzwGOd9wqdDpOt+0wl0KbU+R+uuZBS1jN8VsD1ss3irQDknRj5NvxiTF6oj/nDRnN/UQNw=="
    },
    "highland": {
      "version": "2.13.4",
      "resolved": "https://registry.npmjs.org/highland/-/highland-2.13.4.tgz",
      "integrity": "sha512-r+YlbnBhCTcrcVzBpzPcrvB0llVjeDWKuXSZVuNBe5WgQJtN2xGUUMZC9WzHCntNIx0rskVernxLoFJUCkmb/Q==",
      "requires": {
        "util-deprecate": "^1.0.2"
      }
    },
    "n3": {
      "version": "1.1.1",
      "resolved": "https://registry.npmjs.org/n3/-/n3-1.1.1.tgz",
      "integrity": "sha512-GEJXn+wc0f4l2noP1N/rMUH9Gei1DQ8IDN03eBsH+uQKkNQUOLgL7ZJVaDjY+pP3LmbLxL1LpUg/AvZ7Kc7KVw=="
    },
    "util-deprecate": {
      "version": "1.0.2",
      "resolved": "https://registry.npmjs.org/util-deprecate/-/util-deprecate-1.0.2.tgz",
      "integrity": "sha1-RQ1Nyfpw3nMnYvvS1KKJgUGaDM8="
    },
    "uuid": {
      "version": "3.3.2",
      "resolved": "https://registry.npmjs.org/uuid/-/uuid-3.3.2.tgz",
      "integrity": "sha512-yXJmeNaw3DnnKAOKJE51sL/ZaYfWJRl1pK9dr19YFCu0ObS231AB1/LbqTKRAQ5kw8A90rA6fr4riOUpTZvQZA=="
    }
  }
}
